
Microsoft Visual Studio Solution File, Format Version 12.00
# Visual Studio Version 17
VisualStudioVersion = 17.14.36408.4 d17.14
MinimumVisualStudioVersion = 10.0.40219.1
Project("{FAE04EC0-301F-11D3-BF4B-00C04F79EFBC}") = "Restaurant_2", "Restaurant_2\Restaurant_2.csproj", "{AAA1C887-A8F5-4505-959C-C51906873725}"
EndProject
Global
	GlobalSection(SolutionConfigurationPlatforms) = preSolution
		Debug|Any CPU = Debug|Any CPU
		Release|Any CPU = Release|Any CPU
	EndGlobalSection
	GlobalSection(ProjectConfigurationPlatforms) = postSolution
		{AAA1C887-A8F5-4505-959C-C51906873725}.Debug|Any CPU.ActiveCfg = Debug|Any CPU
		{AAA1C887-A8F5-4505-959C-C51906873725}.Debug|Any CPU.Build.0 = Debug|Any CPU
		{AAA1C887-A8F5-4505-959C-C51906873725}.Release|Any CPU.ActiveCfg = Release|Any CPU
		{AAA1C887-A8F5-4505-959C-C51906873725}.Release|Any CPU.Build.0 = Release|Any CPU
	EndGlobalSection
	GlobalSection(SolutionProperties) = preSolution
		HideSolutionNode = FALSE
	EndGlobalSection
	GlobalSection(ExtensibilityGlobals) = postSolution
		SolutionGuid = {BDE0928B-BDC0-47B9-99C7-B8CC95D7A6A1}
	EndGlobalSection
EndGlobal
